
Microsoft Visual Studio Solution File, Format Version 12.00
# Visual Studio Express 2012 for Windows Desktop
Project("{FAE04EC0-301F-11D3-BF4B-00C04F79EFBC}") = "HumanizeDotNet", "HumanizeDotNet\HumanizeDotNet.csproj", "{D1E6B160-63A8-4D61-9AFC-198CF41153E2}"
EndProject
Project("{FAE04EC0-301F-11D3-BF4B-00C04F79EFBC}") = "HumanizeDotNet.Tests", "HumanizeDotNet.Tests\HumanizeDotNet.Tests.csproj", "{D177BD26-C0B1-4031-B5AA-E0505818A037}"
EndProject
Global
	GlobalSection(SolutionConfigurationPlatforms) = preSolution
		Debug|Any CPU = Debug|Any CPU
		Release|Any CPU = Release|Any CPU
	EndGlobalSection
	GlobalSection(ProjectConfigurationPlatforms) = postSolution
		{D1E6B160-63A8-4D61-9AFC-198CF41153E2}.Debug|Any CPU.ActiveCfg = Debug|Any CPU
		{D1E6B160-63A8-4D61-9AFC-198CF41153E2}.Debug|Any CPU.Build.0 = Debug|Any CPU
		{D1E6B160-63A8-4D61-9AFC-198CF41153E2}.Release|Any CPU.ActiveCfg = Release|Any CPU
		{D1E6B160-63A8-4D61-9AFC-198CF41153E2}.Release|Any CPU.Build.0 = Release|Any CPU
		{D177BD26-C0B1-4031-B5AA-E0505818A037}.Debug|Any CPU.ActiveCfg = Debug|Any CPU
		{D177BD26-C0B1-4031-B5AA-E0505818A037}.Debug|Any CPU.Build.0 = Debug|Any CPU
		{D177BD26-C0B1-4031-B5AA-E0505818A037}.Release|Any CPU.ActiveCfg = Release|Any CPU
		{D177BD26-C0B1-4031-B5AA-E0505818A037}.Release|Any CPU.Build.0 = Release|Any CPU
	EndGlobalSection
	GlobalSection(SolutionProperties) = preSolution
		HideSolutionNode = FALSE
	EndGlobalSection
EndGlobal
